
Microsoft Visual Studio Solution File, Format Version 10.00
# Visual Studio 2008
Project("{FAE04EC0-301F-11D3-BF4B-00C04F79EFBC}") = "WHC.OrderWater.Commons", "WHC.OrderWater.Commons.csproj", "{53AC195E-DCFF-47C4-BC02-7E0241FF520C}"
EndProject
Global
	GlobalSection(SolutionConfigurationPlatforms) = preSolution
		Debug|Any CPU = Debug|Any CPU
		Release|Any CPU = Release|Any CPU
	EndGlobalSection
	GlobalSection(ProjectConfigurationPlatforms) = postSolution
		{53AC195E-DCFF-47C4-BC02-7E0241FF520C}.Debug|Any CPU.ActiveCfg = Debug|Any CPU
		{53AC195E-DCFF-47C4-BC02-7E0241FF520C}.Debug|Any CPU.Build.0 = Debug|Any CPU
		{53AC195E-DCFF-47C4-BC02-7E0241FF520C}.Release|Any CPU.ActiveCfg = Release|Any CPU
		{53AC195E-DCFF-47C4-BC02-7E0241FF520C}.Release|Any CPU.Build.0 = Release|Any CPU
	EndGlobalSection
	GlobalSection(SolutionProperties) = preSolution
		HideSolutionNode = FALSE
	EndGlobalSection
EndGlobal
